PODS:
  - Capacitor (8.4.2):
    - CapacitorCordova
  - CapacitorActionSheet (8.1.1):
    - Capacitor
  - CapacitorApp (8.1.1):
    - Capacitor
  - CapacitorAppLauncher (8.0.1):
    - Capacitor
  - CapacitorBrowser (8.0.4):
    - Capacitor
  - CapacitorCamera (8.2.1):
    - Capacitor
    - IONCameraLib (~> 1.0.4)
  - CapacitorClipboard (8.0.1):
    - Capacitor
  - CapacitorCommunityBarcodeScanner (4.0.1):
    - Capacitor
  - CapacitorCommunityBluetoothLe (8.2.0):
    - Capacitor
  - CapacitorCommunityCameraPreview (8.0.1):
    - Capacitor
  - CapacitorCommunityKeepAwake (8.0.1):
    - Capacitor
  - CapacitorCordova (8.4.2)
  - CapacitorDevice (8.0.3):
    - Capacitor
  - CapacitorDialog (8.0.1):
    - Capacitor
  - CapacitorGeolocation (8.2.0):
    - Capacitor
    - IONGeolocationLib (= 2.1.0)
  - CapacitorHaptics (8.0.2):
    - Capacitor
  - CapacitorInappbrowser (4.0.1):
    - Capacitor
    - OSInAppBrowserLib (~> 2.3.2)
  - CapacitorKeyboard (8.0.5):
    - Capacitor
  - CapacitorLocalNotifications (8.2.1):
    - Capacitor
  - CapacitorMlkitBarcodeScanning (8.1.0):
    - Capacitor
    - GoogleMLKit/BarcodeScanning (~> 8.0.0)
  - CapacitorNetwork (8.0.1):
    - Capacitor
  - CapacitorPreferences (8.0.1):
    - Capacitor
  - CapacitorScreenReader (8.0.1):
    - Capacitor
  - CapacitorShare (8.0.1):
    - Capacitor
  - CapacitorSplashScreen (8.0.2):
    - Capacitor
  - CapacitorStatusBar (8.0.3):
    - Capacitor
  - CapacitorTextZoom (8.0.1):
    - Capacitor
  - CapacitorToast (8.0.1):
    - Capacitor
  - CapawesomeCapacitorBackgroundTask (8.0.2):
    - Capacitor
  - CapawesomeCapacitorFilePicker (8.0.3):
    - Capacitor
  - CapawesomeCapacitorScreenOrientation (8.0.1):
    - Capacitor
  - CapawesomeCapacitorScreenshot (8.0.1):
    - Capacitor
  - CapgoCapacitorShake (8.0.37):
    - Capacitor
  - CapgoCapacitorUploader (8.3.3):
    - Capacitor
  - CapgoNativeAudio (8.4.2):
    - Capacitor
  - CapgoNativegeocoder (8.0.31):
    - Capacitor
  - GoogleDataTransport (10.1.0):
    - nanopb (~> 3.30910.0)
    - PromisesObjC (~> 2.4)
  - GoogleMLKit/BarcodeScanning (8.0.0):
    - GoogleMLKit/MLKitCore
    - MLKitBarcodeScanning (~> 7.0.0)
  - GoogleMLKit/MLKitCore (8.0.0):
    - MLKitCommon (~> 13.0.0)
  - GoogleToolboxForMac/Defines (4.2.1)
  - GoogleToolboxForMac/Logger (4.2.1):
    - GoogleToolboxForMac/Defines (= 4.2.1)
  - "GoogleToolboxForMac/NSData+zlib (4.2.1)":
    - GoogleToolboxForMac/Defines (= 4.2.1)
  - GoogleUtilities/Environment (8.1.0):
    - GoogleUtilities/Privacy
  - GoogleUtilities/Logger (8.1.0):
    - GoogleUtilities/Environment
    - GoogleUtilities/Privacy
  - GoogleUtilities/Privacy (8.1.0)
  - GoogleUtilities/UserDefaults (8.1.0):
    - GoogleUtilities/Logger
    - GoogleUtilities/Privacy
  - GTMSessionFetcher/Core (3.5.0)
  - IONCameraLib (1.0.4)
  - IONGeolocationLib (2.1.0)
  - LeadscoutHttp (7.0.0):
    - Capacitor
  - MhaberlerCapacitorBarometer (2.0.1):
    - Capacitor
  - MhaberlerCapacitorZeroconfNsd (5.0.5):
    - Capacitor
  - MLImage (1.0.0-beta7)
  - MLKitBarcodeScanning (7.0.0):
    - MLKitCommon (~> 13.0)
    - MLKitVision (~> 9.0)
  - MLKitCommon (13.0.0):
    - GoogleDataTransport (~> 10.0)
    - GoogleToolboxForMac/Logger (< 5.0, >= 4.2.1)
    - "GoogleToolboxForMac/NSData+zlib (< 5.0, >= 4.2.1)"
    - GoogleUtilities/Logger (~> 8.0)
    - GoogleUtilities/UserDefaults (~> 8.0)
    - GTMSessionFetcher/Core (< 4.0, >= 3.3.2)
  - MLKitVision (9.0.0):
    - GoogleToolboxForMac/Logger (< 5.0, >= 4.2.1)
    - "GoogleToolboxForMac/NSData+zlib (< 5.0, >= 4.2.1)"
    - GTMSessionFetcher/Core (< 4.0, >= 3.3.2)
    - MLImage (= 1.0.0-beta7)
    - MLKitCommon (~> 13.0)
  - nanopb (3.30910.0):
    - nanopb/decode (= 3.30910.0)
    - nanopb/encode (= 3.30910.0)
  - nanopb/decode (3.30910.0)
  - nanopb/encode (3.30910.0)
  - OSInAppBrowserLib (2.3.2)
  - PromisesObjC (2.4.0)

DEPENDENCIES:
  - "Capacitor (from `../../node_modules/@capacitor/ios`)"
  - "CapacitorActionSheet (from `../../node_modules/@capacitor/action-sheet`)"
  - "CapacitorApp (from `../../node_modules/@capacitor/app`)"
  - "CapacitorAppLauncher (from `../../node_modules/@capacitor/app-launcher`)"
  - "CapacitorBrowser (from `../../node_modules/@capacitor/browser`)"
  - "CapacitorCamera (from `../../node_modules/@capacitor/camera`)"
  - "CapacitorClipboard (from `../../node_modules/@capacitor/clipboard`)"
  - "CapacitorCommunityBarcodeScanner (from `../../node_modules/@capacitor-community/barcode-scanner`)"
  - "CapacitorCommunityBluetoothLe (from `../../node_modules/@capacitor-community/bluetooth-le`)"
  - "CapacitorCommunityCameraPreview (from `../../node_modules/@capacitor-community/camera-preview`)"
  - "CapacitorCommunityKeepAwake (from `../../node_modules/@capacitor-community/keep-awake`)"
  - "CapacitorCordova (from `../../node_modules/@capacitor/ios`)"
  - "CapacitorDevice (from `../../node_modules/@capacitor/device`)"
  - "CapacitorDialog (from `../../node_modules/@capacitor/dialog`)"
  - "CapacitorGeolocation (from `../../node_modules/@capacitor/geolocation`)"
  - "CapacitorHaptics (from `../../node_modules/@capacitor/haptics`)"
  - "CapacitorInappbrowser (from `../../node_modules/@capacitor/inappbrowser`)"
  - "CapacitorKeyboard (from `../../node_modules/@capacitor/keyboard`)"
  - "CapacitorLocalNotifications (from `../../node_modules/@capacitor/local-notifications`)"
  - "CapacitorMlkitBarcodeScanning (from `../../node_modules/@capacitor-mlkit/barcode-scanning`)"
  - "CapacitorNetwork (from `../../node_modules/@capacitor/network`)"
  - "CapacitorPreferences (from `../../node_modules/@capacitor/preferences`)"
  - "CapacitorScreenReader (from `../../node_modules/@capacitor/screen-reader`)"
  - "CapacitorShare (from `../../node_modules/@capacitor/share`)"
  - "CapacitorSplashScreen (from `../../node_modules/@capacitor/splash-screen`)"
  - "CapacitorStatusBar (from `../../node_modules/@capacitor/status-bar`)"
  - "CapacitorTextZoom (from `../../node_modules/@capacitor/text-zoom`)"
  - "CapacitorToast (from `../../node_modules/@capacitor/toast`)"
  - "CapawesomeCapacitorBackgroundTask (from `../../node_modules/@capawesome/capacitor-background-task`)"
  - "CapawesomeCapacitorFilePicker (from `../../node_modules/@capawesome/capacitor-file-picker`)"
  - "CapawesomeCapacitorScreenOrientation (from `../../node_modules/@capawesome/capacitor-screen-orientation`)"
  - "CapawesomeCapacitorScreenshot (from `../../node_modules/@capawesome/capacitor-screenshot`)"
  - "CapgoCapacitorShake (from `../../node_modules/@capgo/capacitor-shake`)"
  - "CapgoCapacitorUploader (from `../../node_modules/@capgo/capacitor-uploader`)"
  - "CapgoNativeAudio (from `../../node_modules/@capgo/native-audio`)"
  - "CapgoNativegeocoder (from `../../node_modules/@capgo/nativegeocoder`)"
  - "LeadscoutHttp (from `../../node_modules/@leadscout/http`)"
  - "MhaberlerCapacitorBarometer (from `../../node_modules/@mhaberler/capacitor-barometer`)"
  - "MhaberlerCapacitorZeroconfNsd (from `../../node_modules/@mhaberler/capacitor-zeroconf-nsd`)"

SPEC REPOS:
  trunk:
    - GoogleDataTransport
    - GoogleMLKit
    - GoogleToolboxForMac
    - GoogleUtilities
    - GTMSessionFetcher
    - IONCameraLib
    - IONGeolocationLib
    - MLImage
    - MLKitBarcodeScanning
    - MLKitCommon
    - MLKitVision
    - nanopb
    - OSInAppBrowserLib
    - PromisesObjC

EXTERNAL SOURCES:
  Capacitor:
    :path: "../../node_modules/@capacitor/ios"
  CapacitorActionSheet:
    :path: "../../node_modules/@capacitor/action-sheet"
  CapacitorApp:
    :path: "../../node_modules/@capacitor/app"
  CapacitorAppLauncher:
    :path: "../../node_modules/@capacitor/app-launcher"
  CapacitorBrowser:
    :path: "../../node_modules/@capacitor/browser"
  CapacitorCamera:
    :path: "../../node_modules/@capacitor/camera"
  CapacitorClipboard:
    :path: "../../node_modules/@capacitor/clipboard"
  CapacitorCommunityBarcodeScanner:
    :path: "../../node_modules/@capacitor-community/barcode-scanner"
  CapacitorCommunityBluetoothLe:
    :path: "../../node_modules/@capacitor-community/bluetooth-le"
  CapacitorCommunityCameraPreview:
    :path: "../../node_modules/@capacitor-community/camera-preview"
  CapacitorCommunityKeepAwake:
    :path: "../../node_modules/@capacitor-community/keep-awake"
  CapacitorCordova:
    :path: "../../node_modules/@capacitor/ios"
  CapacitorDevice:
    :path: "../../node_modules/@capacitor/device"
  CapacitorDialog:
    :path: "../../node_modules/@capacitor/dialog"
  CapacitorGeolocation:
    :path: "../../node_modules/@capacitor/geolocation"
  CapacitorHaptics:
    :path: "../../node_modules/@capacitor/haptics"
  CapacitorInappbrowser:
    :path: "../../node_modules/@capacitor/inappbrowser"
  CapacitorKeyboard:
    :path: "../../node_modules/@capacitor/keyboard"
  CapacitorLocalNotifications:
    :path: "../../node_modules/@capacitor/local-notifications"
  CapacitorMlkitBarcodeScanning:
    :path: "../../node_modules/@capacitor-mlkit/barcode-scanning"
  CapacitorNetwork:
    :path: "../../node_modules/@capacitor/network"
  CapacitorPreferences:
    :path: "../../node_modules/@capacitor/preferences"
  CapacitorScreenReader:
    :path: "../../node_modules/@capacitor/screen-reader"
  CapacitorShare:
    :path: "../../node_modules/@capacitor/share"
  CapacitorSplashScreen:
    :path: "../../node_modules/@capacitor/splash-screen"
  CapacitorStatusBar:
    :path: "../../node_modules/@capacitor/status-bar"
  CapacitorTextZoom:
    :path: "../../node_modules/@capacitor/text-zoom"
  CapacitorToast:
    :path: "../../node_modules/@capacitor/toast"
  CapawesomeCapacitorBackgroundTask:
    :path: "../../node_modules/@capawesome/capacitor-background-task"
  CapawesomeCapacitorFilePicker:
    :path: "../../node_modules/@capawesome/capacitor-file-picker"
  CapawesomeCapacitorScreenOrientation:
    :path: "../../node_modules/@capawesome/capacitor-screen-orientation"
  CapawesomeCapacitorScreenshot:
    :path: "../../node_modules/@capawesome/capacitor-screenshot"
  CapgoCapacitorShake:
    :path: "../../node_modules/@capgo/capacitor-shake"
  CapgoCapacitorUploader:
    :path: "../../node_modules/@capgo/capacitor-uploader"
  CapgoNativeAudio:
    :path: "../../node_modules/@capgo/native-audio"
  CapgoNativegeocoder:
    :path: "../../node_modules/@capgo/nativegeocoder"
  LeadscoutHttp:
    :path: "../../node_modules/@leadscout/http"
  MhaberlerCapacitorBarometer:
    :path: "../../node_modules/@mhaberler/capacitor-barometer"
  MhaberlerCapacitorZeroconfNsd:
    :path: "../../node_modules/@mhaberler/capacitor-zeroconf-nsd"

SPEC CHECKSUMS:
  Capacitor: 52f999235b8bd6a7d01694753f4f4d54d182e3a3
  CapacitorActionSheet: c3394c32eb29990e73e9c6c5677e3b31eb46ad3f
  CapacitorApp: 305bd13c44f6f9d164e2ee66a4faa956ed8c0e06
  CapacitorAppLauncher: 43949ccc5aaa5139a1ebe27a98c0a4d76c883fa7
  CapacitorBrowser: 752e0208aa07c7aa63d1f7cde895a3e9519b2656
  CapacitorCamera: 1b9dde3aaffbd1f051486f4cee2b4cdd962662ae
  CapacitorClipboard: c75fdaa6e622111119f35e7914ecfc67b05efecb
  CapacitorCommunityBarcodeScanner: 100051f49caad62966f331cbdf6844a3e51db8e9
  CapacitorCommunityBluetoothLe: 8c17283f1837af41fc739110daab518c694674c8
  CapacitorCommunityCameraPreview: 38b73c0135eae2c8bc7652745b3820b035737313
  CapacitorCommunityKeepAwake: d41922812644562e94a79acaf7f41e6d9413af8c
  CapacitorCordova: 345eacdc4c8282415446aea4acd8c77d82480bd4
  CapacitorDevice: 708e742b60a61572cd593e44c809592e8f31da14
  CapacitorDialog: 854c5dac405081cae697c177ca43bcaa95ae67bf
  CapacitorGeolocation: b36f6287bfc9f2eefa04dc900496f2c8ae666136
  CapacitorHaptics: 296f771ecd89c7a1bd92a7b6826a7d268e2e70f5
  CapacitorInappbrowser: d37ec838b38abf33561cb578d1a31a0286022fdc
  CapacitorKeyboard: b6b0744890cdb1d9a96e2cafcc9253fdcc55de3b
  CapacitorLocalNotifications: 908a69a3cf7ae345426de3223d4980befb0103c6
  CapacitorMlkitBarcodeScanning: 31c6af9f39873ff69e16ed5b39ebe2e1915f16fe
  CapacitorNetwork: 8812ce60d11fb63d8f2e4ba51a49b2e59892ebe2
  CapacitorPreferences: cca2021f386efb75947c850334447d9ff22b14f1
  CapacitorScreenReader: 48e053fe6ecb0ecf5596d7e5b7e41951ab5e30b3
  CapacitorShare: 0c58305114538568059bfc07111f22dcb9cb2a82
  CapacitorSplashScreen: 7bf61c2001557ff9e195e601c6b87344480d3c65
  CapacitorStatusBar: eca7bc2b58d9f886f1ef9edb66e57a9b29c121af
  CapacitorTextZoom: b3c80b09abef831245bc3434b1c03aa898ad4762
  CapacitorToast: 408036fbd702120d3adde3980b740f3c0fb60c9e
  CapawesomeCapacitorBackgroundTask: ca454a603fbe27d624c928d0c5e7477a920e468d
  CapawesomeCapacitorFilePicker: 1b4fa0c4983250a55f745acaa9f945a96f60abd5
  CapawesomeCapacitorScreenOrientation: 81a4e51518bc6d6d1971ebe4f45892e29115c79e
  CapawesomeCapacitorScreenshot: 12d23f0773903de4e5b0b3fdebabef1d3813f826
  CapgoCapacitorShake: 70235b2ec10b38a9cebc05f9f137ac36908d34e4
  CapgoCapacitorUploader: 47c45e96f208f5199f5f6c0b5fd27b5d424f16c9
  CapgoNativeAudio: cfc29c10c7a7e6b52ce1077398a694eb8c3101b8
  CapgoNativegeocoder: 1fc15ca7f050bb9de6fa63f8f920d090b8016b8d
  GoogleDataTransport: aae35b7ea0c09004c3797d53c8c41f66f219d6a7
  GoogleMLKit: ddd51d7dff36ff28defa69afedd9cdce684fd857
  GoogleToolboxForMac: d1a2cbf009c453f4d6ded37c105e2f67a32206d8
  GoogleUtilities: 00c88b9a86066ef77f0da2fab05f65d7768ed8e1
  GTMSessionFetcher: 5aea5ba6bd522a239e236100971f10cb71b96ab6
  IONCameraLib: f2349804460bd9e3f892e42109b8d996ab3fa19d
  IONGeolocationLib: 6a7b6f76063fb1b01cfb14fae7d0f526e3c9b271
  LeadscoutHttp: 3b639e66d5e816630edb9fdf2acb7faff0ee7cb6
  MhaberlerCapacitorBarometer: 1b71b4c71d6c6683a3438899007927acc2559a58
  MhaberlerCapacitorZeroconfNsd: 9e9d4f7a3a9f6c142696abdb2778df1d2ca96e68
  MLImage: 2ab9c968e75f57911c16f4c9d9e8a8e9604a86a1
  MLKitBarcodeScanning: 72c6437f13a900833b400136be53a8a5d86f42fa
  MLKitCommon: 26b779f072a182c1603d4c88a101c350cac837b1
  MLKitVision: fa8dea9012ac59497c79ddbe9ebf32051047ac4c
  nanopb: fad817b59e0457d11a5dfbde799381cd727c1275
  OSInAppBrowserLib: c21c8fa3d886654d2f553b9f1bded9d27a0530c7
  PromisesObjC: f5707f49cb48b9636751c5b2e7d227e43fba9f47

PODFILE CHECKSUM: 13cc097d434d5af3392bcbe29b805e37b0a00283

COCOAPODS: 1.16.2
