PODS:
  - Capacitor (8.3.0):
    - CapacitorCordova
  - CapacitorActionSheet (8.1.1):
    - Capacitor
  - CapacitorApp (8.1.0):
    - Capacitor
  - CapacitorAppLauncher (8.0.1):
    - Capacitor
  - CapacitorBarcodeScanner (3.0.2):
    - Capacitor
    - OSBarcodeLib (= 2.0.1)
  - CapacitorBrowser (8.0.3):
    - Capacitor
  - CapacitorCamera (8.0.2):
    - Capacitor
  - CapacitorClipboard (8.0.1):
    - Capacitor
  - CapacitorCommunityAppleSignIn (7.1.0):
    - Capacitor
  - CapacitorCommunityBarcodeScanner (4.0.1):
    - Capacitor
  - CapacitorCommunityBluetoothLe (8.1.3):
    - Capacitor
  - CapacitorCommunityCameraPreview (7.0.5):
    - Capacitor
  - CapacitorCommunityKeepAwake (8.0.0):
    - Capacitor
  - CapacitorCordova (8.3.0)
  - CapacitorDevice (8.0.2):
    - Capacitor
  - CapacitorDialog (8.0.1):
    - Capacitor
  - CapacitorGeolocation (8.2.0):
    - Capacitor
    - IONGeolocationLib (= 2.1.0)
  - CapacitorHaptics (8.0.2):
    - Capacitor
  - CapacitorInappbrowser (3.0.2):
    - Capacitor
    - OSInAppBrowserLib (~> 2.3.1)
  - CapacitorKeyboard (8.0.2):
    - Capacitor
  - CapacitorLocalNotifications (8.0.2):
    - Capacitor
  - CapacitorMlkitBarcodeScanning (8.0.1):
    - Capacitor
    - GoogleMLKit/BarcodeScanning (~> 8.0.0)
  - CapacitorNetwork (8.0.1):
    - Capacitor
  - CapacitorPreferences (8.0.1):
    - Capacitor
  - CapacitorScreenReader (8.0.1):
    - Capacitor
  - CapacitorShare (8.0.1):
    - Capacitor
  - CapacitorSplashScreen (8.0.1):
    - Capacitor
  - CapacitorStatusBar (8.0.2):
    - Capacitor
  - CapacitorTextZoom (8.0.1):
    - Capacitor
  - CapacitorToast (8.0.1):
    - Capacitor
  - CapawesomeCapacitorBackgroundTask (8.0.2):
    - Capacitor
  - CapawesomeCapacitorFilePicker (8.0.2):
    - Capacitor
  - CapawesomeCapacitorScreenOrientation (8.0.1):
    - Capacitor
  - CapawesomeCapacitorScreenshot (8.0.1):
    - Capacitor
  - CapgoCapacitorShake (8.0.24):
    - Capacitor
  - CapgoCapacitorUploader (8.1.13):
    - Capacitor
  - CapgoNativeAudio (8.3.11):
    - Capacitor
  - CapgoNativegeocoder (8.0.24):
    - Capacitor
  - GoogleDataTransport (10.1.0):
    - nanopb (~> 3.30910.0)
    - PromisesObjC (~> 2.4)
  - GoogleMLKit/BarcodeScanning (8.0.0):
    - GoogleMLKit/MLKitCore
    - MLKitBarcodeScanning (~> 7.0.0)
  - GoogleMLKit/MLKitCore (8.0.0):
    - MLKitCommon (~> 13.0.0)
  - GoogleToolboxForMac/Defines (4.2.1)
  - GoogleToolboxForMac/Logger (4.2.1):
    - GoogleToolboxForMac/Defines (= 4.2.1)
  - "GoogleToolboxForMac/NSData+zlib (4.2.1)":
    - GoogleToolboxForMac/Defines (= 4.2.1)
  - GoogleUtilities/Environment (8.1.0):
    - GoogleUtilities/Privacy
  - GoogleUtilities/Logger (8.1.0):
    - GoogleUtilities/Environment
    - GoogleUtilities/Privacy
  - GoogleUtilities/Privacy (8.1.0)
  - GoogleUtilities/UserDefaults (8.1.0):
    - GoogleUtilities/Logger
    - GoogleUtilities/Privacy
  - GTMSessionFetcher/Core (3.5.0)
  - IONGeolocationLib (2.1.0)
  - LeadscoutHttp (7.0.0):
    - Capacitor
  - MhaberlerCapacitorBarometer (2.0.1):
    - Capacitor
  - MhaberlerCapacitorZeroconfNsd (5.0.3):
    - Capacitor
  - MLImage (1.0.0-beta7)
  - MLKitBarcodeScanning (7.0.0):
    - MLKitCommon (~> 13.0)
    - MLKitVision (~> 9.0)
  - MLKitCommon (13.0.0):
    - GoogleDataTransport (~> 10.0)
    - GoogleToolboxForMac/Logger (< 5.0, >= 4.2.1)
    - "GoogleToolboxForMac/NSData+zlib (< 5.0, >= 4.2.1)"
    - GoogleUtilities/Logger (~> 8.0)
    - GoogleUtilities/UserDefaults (~> 8.0)
    - GTMSessionFetcher/Core (< 4.0, >= 3.3.2)
  - MLKitVision (9.0.0):
    - GoogleToolboxForMac/Logger (< 5.0, >= 4.2.1)
    - "GoogleToolboxForMac/NSData+zlib (< 5.0, >= 4.2.1)"
    - GTMSessionFetcher/Core (< 4.0, >= 3.3.2)
    - MLImage (= 1.0.0-beta7)
    - MLKitCommon (~> 13.0)
  - nanopb (3.30910.0):
    - nanopb/decode (= 3.30910.0)
    - nanopb/encode (= 3.30910.0)
  - nanopb/decode (3.30910.0)
  - nanopb/encode (3.30910.0)
  - OSBarcodeLib (2.0.1)
  - OSInAppBrowserLib (2.3.1)
  - PromisesObjC (2.4.0)

DEPENDENCIES:
  - "Capacitor (from `../../node_modules/@capacitor/ios`)"
  - "CapacitorActionSheet (from `../../node_modules/@capacitor/action-sheet`)"
  - "CapacitorApp (from `../../node_modules/@capacitor/app`)"
  - "CapacitorAppLauncher (from `../../node_modules/@capacitor/app-launcher`)"
  - "CapacitorBarcodeScanner (from `../../node_modules/@capacitor/barcode-scanner`)"
  - "CapacitorBrowser (from `../../node_modules/@capacitor/browser`)"
  - "CapacitorCamera (from `../../node_modules/@capacitor/camera`)"
  - "CapacitorClipboard (from `../../node_modules/@capacitor/clipboard`)"
  - "CapacitorCommunityAppleSignIn (from `../../node_modules/@capacitor-community/apple-sign-in`)"
  - "CapacitorCommunityBarcodeScanner (from `../../node_modules/@capacitor-community/barcode-scanner`)"
  - "CapacitorCommunityBluetoothLe (from `../../node_modules/@capacitor-community/bluetooth-le`)"
  - "CapacitorCommunityCameraPreview (from `../../node_modules/@capacitor-community/camera-preview`)"
  - "CapacitorCommunityKeepAwake (from `../../node_modules/@capacitor-community/keep-awake`)"
  - "CapacitorCordova (from `../../node_modules/@capacitor/ios`)"
  - "CapacitorDevice (from `../../node_modules/@capacitor/device`)"
  - "CapacitorDialog (from `../../node_modules/@capacitor/dialog`)"
  - "CapacitorGeolocation (from `../../node_modules/@capacitor/geolocation`)"
  - "CapacitorHaptics (from `../../node_modules/@capacitor/haptics`)"
  - "CapacitorInappbrowser (from `../../node_modules/@capacitor/inappbrowser`)"
  - "CapacitorKeyboard (from `../../node_modules/@capacitor/keyboard`)"
  - "CapacitorLocalNotifications (from `../../node_modules/@capacitor/local-notifications`)"
  - "CapacitorMlkitBarcodeScanning (from `../../node_modules/@capacitor-mlkit/barcode-scanning`)"
  - "CapacitorNetwork (from `../../node_modules/@capacitor/network`)"
  - "CapacitorPreferences (from `../../node_modules/@capacitor/preferences`)"
  - "CapacitorScreenReader (from `../../node_modules/@capacitor/screen-reader`)"
  - "CapacitorShare (from `../../node_modules/@capacitor/share`)"
  - "CapacitorSplashScreen (from `../../node_modules/@capacitor/splash-screen`)"
  - "CapacitorStatusBar (from `../../node_modules/@capacitor/status-bar`)"
  - "CapacitorTextZoom (from `../../node_modules/@capacitor/text-zoom`)"
  - "CapacitorToast (from `../../node_modules/@capacitor/toast`)"
  - "CapawesomeCapacitorBackgroundTask (from `../../node_modules/@capawesome/capacitor-background-task`)"
  - "CapawesomeCapacitorFilePicker (from `../../node_modules/@capawesome/capacitor-file-picker`)"
  - "CapawesomeCapacitorScreenOrientation (from `../../node_modules/@capawesome/capacitor-screen-orientation`)"
  - "CapawesomeCapacitorScreenshot (from `../../node_modules/@capawesome/capacitor-screenshot`)"
  - "CapgoCapacitorShake (from `../../node_modules/@capgo/capacitor-shake`)"
  - "CapgoCapacitorUploader (from `../../node_modules/@capgo/capacitor-uploader`)"
  - "CapgoNativeAudio (from `../../node_modules/@capgo/native-audio`)"
  - "CapgoNativegeocoder (from `../../node_modules/@capgo/nativegeocoder`)"
  - "LeadscoutHttp (from `../../node_modules/@leadscout/http`)"
  - "MhaberlerCapacitorBarometer (from `../../node_modules/@mhaberler/capacitor-barometer`)"
  - "MhaberlerCapacitorZeroconfNsd (from `../../node_modules/@mhaberler/capacitor-zeroconf-nsd`)"

SPEC REPOS:
  trunk:
    - GoogleDataTransport
    - GoogleMLKit
    - GoogleToolboxForMac
    - GoogleUtilities
    - GTMSessionFetcher
    - IONGeolocationLib
    - MLImage
    - MLKitBarcodeScanning
    - MLKitCommon
    - MLKitVision
    - nanopb
    - OSBarcodeLib
    - OSInAppBrowserLib
    - PromisesObjC

EXTERNAL SOURCES:
  Capacitor:
    :path: "../../node_modules/@capacitor/ios"
  CapacitorActionSheet:
    :path: "../../node_modules/@capacitor/action-sheet"
  CapacitorApp:
    :path: "../../node_modules/@capacitor/app"
  CapacitorAppLauncher:
    :path: "../../node_modules/@capacitor/app-launcher"
  CapacitorBarcodeScanner:
    :path: "../../node_modules/@capacitor/barcode-scanner"
  CapacitorBrowser:
    :path: "../../node_modules/@capacitor/browser"
  CapacitorCamera:
    :path: "../../node_modules/@capacitor/camera"
  CapacitorClipboard:
    :path: "../../node_modules/@capacitor/clipboard"
  CapacitorCommunityAppleSignIn:
    :path: "../../node_modules/@capacitor-community/apple-sign-in"
  CapacitorCommunityBarcodeScanner:
    :path: "../../node_modules/@capacitor-community/barcode-scanner"
  CapacitorCommunityBluetoothLe:
    :path: "../../node_modules/@capacitor-community/bluetooth-le"
  CapacitorCommunityCameraPreview:
    :path: "../../node_modules/@capacitor-community/camera-preview"
  CapacitorCommunityKeepAwake:
    :path: "../../node_modules/@capacitor-community/keep-awake"
  CapacitorCordova:
    :path: "../../node_modules/@capacitor/ios"
  CapacitorDevice:
    :path: "../../node_modules/@capacitor/device"
  CapacitorDialog:
    :path: "../../node_modules/@capacitor/dialog"
  CapacitorGeolocation:
    :path: "../../node_modules/@capacitor/geolocation"
  CapacitorHaptics:
    :path: "../../node_modules/@capacitor/haptics"
  CapacitorInappbrowser:
    :path: "../../node_modules/@capacitor/inappbrowser"
  CapacitorKeyboard:
    :path: "../../node_modules/@capacitor/keyboard"
  CapacitorLocalNotifications:
    :path: "../../node_modules/@capacitor/local-notifications"
  CapacitorMlkitBarcodeScanning:
    :path: "../../node_modules/@capacitor-mlkit/barcode-scanning"
  CapacitorNetwork:
    :path: "../../node_modules/@capacitor/network"
  CapacitorPreferences:
    :path: "../../node_modules/@capacitor/preferences"
  CapacitorScreenReader:
    :path: "../../node_modules/@capacitor/screen-reader"
  CapacitorShare:
    :path: "../../node_modules/@capacitor/share"
  CapacitorSplashScreen:
    :path: "../../node_modules/@capacitor/splash-screen"
  CapacitorStatusBar:
    :path: "../../node_modules/@capacitor/status-bar"
  CapacitorTextZoom:
    :path: "../../node_modules/@capacitor/text-zoom"
  CapacitorToast:
    :path: "../../node_modules/@capacitor/toast"
  CapawesomeCapacitorBackgroundTask:
    :path: "../../node_modules/@capawesome/capacitor-background-task"
  CapawesomeCapacitorFilePicker:
    :path: "../../node_modules/@capawesome/capacitor-file-picker"
  CapawesomeCapacitorScreenOrientation:
    :path: "../../node_modules/@capawesome/capacitor-screen-orientation"
  CapawesomeCapacitorScreenshot:
    :path: "../../node_modules/@capawesome/capacitor-screenshot"
  CapgoCapacitorShake:
    :path: "../../node_modules/@capgo/capacitor-shake"
  CapgoCapacitorUploader:
    :path: "../../node_modules/@capgo/capacitor-uploader"
  CapgoNativeAudio:
    :path: "../../node_modules/@capgo/native-audio"
  CapgoNativegeocoder:
    :path: "../../node_modules/@capgo/nativegeocoder"
  LeadscoutHttp:
    :path: "../../node_modules/@leadscout/http"
  MhaberlerCapacitorBarometer:
    :path: "../../node_modules/@mhaberler/capacitor-barometer"
  MhaberlerCapacitorZeroconfNsd:
    :path: "../../node_modules/@mhaberler/capacitor-zeroconf-nsd"

SPEC CHECKSUMS:
  Capacitor: 22e541237135648c9aa736232bb4d2eec35fddcb
  CapacitorActionSheet: c3394c32eb29990e73e9c6c5677e3b31eb46ad3f
  CapacitorApp: 449ffe26375e96f8aaaee625ac6e01e5c57c8650
  CapacitorAppLauncher: 43949ccc5aaa5139a1ebe27a98c0a4d76c883fa7
  CapacitorBarcodeScanner: 421aa419ac63eeb18c7cb94ce280fa22d34e8b0b
  CapacitorBrowser: c987c73d09d8bd3b5ec13f06338b1e14d5d2be69
  CapacitorCamera: 66bb9c4ea1703a5acf2a328bac0e613d278c399c
  CapacitorClipboard: c75fdaa6e622111119f35e7914ecfc67b05efecb
  CapacitorCommunityAppleSignIn: 271cb2860576fd2961508bbfa7a82117d93eadca
  CapacitorCommunityBarcodeScanner: 100051f49caad62966f331cbdf6844a3e51db8e9
  CapacitorCommunityBluetoothLe: ab4b04474c7c13315cd591dee0995f1adce73c98
  CapacitorCommunityCameraPreview: 9fc4839381eb4cb1da64343d601a8f08818fbdba
  CapacitorCommunityKeepAwake: 332bf035bbdf0b1c244fd492b35a8a06c8802111
  CapacitorCordova: 2e1e2bb93b2f365309dc4ff18b72b9a69a7814a9
  CapacitorDevice: 14cba6f88d1c3074cbf825fea977c8c526453ff8
  CapacitorDialog: 854c5dac405081cae697c177ca43bcaa95ae67bf
  CapacitorGeolocation: b36f6287bfc9f2eefa04dc900496f2c8ae666136
  CapacitorHaptics: 296f771ecd89c7a1bd92a7b6826a7d268e2e70f5
  CapacitorInappbrowser: fb46fb96a23af9a62b0c4d0750d3466ccf11f31d
  CapacitorKeyboard: 8aa4f4ae80b2c92f92c07bf0181c464c2e7f5ff0
  CapacitorLocalNotifications: 4db83a7f6bdd2f30dcedf5c6f92c415065467a24
  CapacitorMlkitBarcodeScanning: d97b2398adb4a8686fce9b1c0c6f09623f1baae8
  CapacitorNetwork: 8812ce60d11fb63d8f2e4ba51a49b2e59892ebe2
  CapacitorPreferences: cca2021f386efb75947c850334447d9ff22b14f1
  CapacitorScreenReader: 48e053fe6ecb0ecf5596d7e5b7e41951ab5e30b3
  CapacitorShare: 0c58305114538568059bfc07111f22dcb9cb2a82
  CapacitorSplashScreen: 4b46c72298db552b3c57ce021ef028b6dc7f1fa7
  CapacitorStatusBar: 01d5763b4ed720de5ce2edbc938de6a98f4c8f32
  CapacitorTextZoom: b3c80b09abef831245bc3434b1c03aa898ad4762
  CapacitorToast: 408036fbd702120d3adde3980b740f3c0fb60c9e
  CapawesomeCapacitorBackgroundTask: ca454a603fbe27d624c928d0c5e7477a920e468d
  CapawesomeCapacitorFilePicker: eb29fb54c59614fede51e0e0fe25070dda9d024c
  CapawesomeCapacitorScreenOrientation: 81a4e51518bc6d6d1971ebe4f45892e29115c79e
  CapawesomeCapacitorScreenshot: 12d23f0773903de4e5b0b3fdebabef1d3813f826
  CapgoCapacitorShake: 72b1f227172ddd6c93917a49b750c5fe69457f0d
  CapgoCapacitorUploader: 2656cddc3f304795ad6cc8a89c1ece054df6066a
  CapgoNativeAudio: aef87d29b24f9336b21ff1b240b848449c6db60f
  CapgoNativegeocoder: 55b7a6f299f68a44ea7ee91291cc88327f7c8741
  GoogleDataTransport: aae35b7ea0c09004c3797d53c8c41f66f219d6a7
  GoogleMLKit: ddd51d7dff36ff28defa69afedd9cdce684fd857
  GoogleToolboxForMac: d1a2cbf009c453f4d6ded37c105e2f67a32206d8
  GoogleUtilities: 00c88b9a86066ef77f0da2fab05f65d7768ed8e1
  GTMSessionFetcher: 5aea5ba6bd522a239e236100971f10cb71b96ab6
  IONGeolocationLib: 6a7b6f76063fb1b01cfb14fae7d0f526e3c9b271
  LeadscoutHttp: 3b639e66d5e816630edb9fdf2acb7faff0ee7cb6
  MhaberlerCapacitorBarometer: 1b71b4c71d6c6683a3438899007927acc2559a58
  MhaberlerCapacitorZeroconfNsd: 88705b7013c1f8da0cdc45b48323da4c54b91e78
  MLImage: 2ab9c968e75f57911c16f4c9d9e8a8e9604a86a1
  MLKitBarcodeScanning: 72c6437f13a900833b400136be53a8a5d86f42fa
  MLKitCommon: 26b779f072a182c1603d4c88a101c350cac837b1
  MLKitVision: fa8dea9012ac59497c79ddbe9ebf32051047ac4c
  nanopb: fad817b59e0457d11a5dfbde799381cd727c1275
  OSBarcodeLib: 57987d2eb1f916f701f4554e20e349b3cb83f023
  OSInAppBrowserLib: bf7cdcc072394ae827f8cfe3f5f9c807691834c0
  PromisesObjC: f5707f49cb48b9636751c5b2e7d227e43fba9f47

PODFILE CHECKSUM: 499079ba33845205a9ecdeaa56ef780da3680c8c

COCOAPODS: 1.16.2
